{
    "_readme": [
        "This file locks the dependencies of your project to a known state",
        "Read more about it at http://getcomposer.org/doc/01-basic-usage.md#composer-lock-the-lock-file"
    ],
    "hash": "c245121fa892c7a7f92c03e91c6b9263",
    "packages": [
        {
            "name": "danack/danack-code",
            "version": "2.4.2",
            "dist": {
                "type": "zip",
                "url": "http://satis.basereality.com/packages/Danack/DanackCode/Danack_DanackCode_2.4.2.zip",
                "reference": "Danack_DanackCode_2.4.2.zip",
                "shasum": "9080d0b968f48d7a0f30000cfde8098ee3b80c14"
            },
            "require": {
                "php": ">=5.3.23",
                "zendframework/zend-eventmanager": "~2.3"
            },
            "type": "library",
            "autoload": {
                "psr-0": {
                    "Danack\\Code\\": ""
                }
            },
            "license": [
                "BSD-3-Clause"
            ],
            "description": "provides facilities to generate arbitrary code using an object oriented interface",
            "keywords": [
                "code",
                "zf2"
            ]
        },
        {
            "name": "intahwebz/core",
            "version": "0.2.5",
            "dist": {
                "type": "zip",
                "url": "http://satis.basereality.com/packages/Danack/intahwebz-core/Danack_intahwebz-core_0.2.5.zip",
                "reference": "Danack_intahwebz-core_0.2.5.zip",
                "shasum": "148a50be51f4c9a5f9634901a5c50f7fdfc1e263"
            },
            "require": {
                "psr/log": "~1.0"
            },
            "type": "library",
            "autoload": {
                "psr-0": {
                    "Intahwebz": "src/"
                }
            },
            "license": [
                "MIT"
            ],
            "authors": [
                {
                    "name": "Dan Ackroyd",
                    "email": "Danack@basereality.com",
                    "homepage": "http://www.basereality.com"
                }
            ],
            "description": "Core library that defines common interfaces used by the rest of the intahwebz..",
            "keywords": [
                "core",
                "intahwebz",
                "library"
            ]
        },
        {
            "name": "psr/log",
            "version": "1.0.0",
            "source": {
                "type": "git",
                "url": "https://github.com/php-fig/log.git",
                "reference": "fe0936ee26643249e916849d48e3a51d5f5e278b"
            },
            "dist": {
                "type": "zip",
                "url": "https://api.github.com/repos/php-fig/log/zipball/fe0936ee26643249e916849d48e3a51d5f5e278b",
                "reference": "fe0936ee26643249e916849d48e3a51d5f5e278b",
                "shasum": ""
            },
            "type": "library",
            "autoload": {
                "psr-0": {
                    "Psr\\Log\\": ""
                }
            },
            "notification-url": "https://packagist.org/downloads/",
            "license": [
                "MIT"
            ],
            "authors": [
                {
                    "name": "PHP-FIG",
                    "homepage": "http://www.php-fig.org/"
                }
            ],
            "description": "Common interface for logging libraries",
            "keywords": [
                "log",
                "psr",
                "psr-3"
            ],
            "time": "2012-12-21 11:40:51"
        },
        {
            "name": "zendframework/zend-eventmanager",
            "version": "2.3.0",
            "target-dir": "Zend/EventManager",
            "dist": {
                "type": "zip",
                "url": "http://satis.basereality.com/packages/zendframework/Component_ZendEventManager/zendframework_Component_ZendEventManager_2.3.0.zip",
                "reference": "zendframework_Component_ZendEventManager_2.3.0.zip",
                "shasum": "19683eab8f6622d013f7d97ea8e308b97f663847"
            },
            "require": {
                "php": ">=5.3.23",
                "zendframework/zend-stdlib": "self.version"
            },
            "type": "library",
            "extra": {
                "branch-alias": {
                    "dev-master": "2.2-dev",
                    "dev-develop": "2.3-dev"
                }
            },
            "autoload": {
                "psr-0": {
                    "Zend\\EventManager\\": ""
                }
            },
            "license": [
                "BSD-3-Clause"
            ],
            "description": " ",
            "keywords": [
                "eventmanager",
                "zf2"
            ]
        },
        {
            "name": "zendframework/zend-stdlib",
            "version": "2.3.0",
            "target-dir": "Zend/Stdlib",
            "dist": {
                "type": "zip",
                "url": "http://satis.basereality.com/packages/zendframework/Component_ZendStdlib/zendframework_Component_ZendStdlib_2.3.0.zip",
                "reference": "zendframework_Component_ZendStdlib_2.3.0.zip",
                "shasum": "c61a659a0fa2afcbf915e1e6ea22017c2ee9b81d"
            },
            "require": {
                "php": ">=5.3.23"
            },
            "require-dev": {
                "zendframework/zend-eventmanager": "self.version",
                "zendframework/zend-serializer": "self.version",
                "zendframework/zend-servicemanager": "self.version"
            },
            "suggest": {
                "zendframework/zend-eventmanager": "To support aggregate hydrator usage",
                "zendframework/zend-serializer": "Zend\\Serializer component",
                "zendframework/zend-servicemanager": "To support hydrator plugin manager usage"
            },
            "type": "library",
            "extra": {
                "branch-alias": {
                    "dev-master": "2.2-dev",
                    "dev-develop": "2.3-dev"
                }
            },
            "autoload": {
                "psr-0": {
                    "Zend\\Stdlib\\": ""
                }
            },
            "license": [
                "BSD-3-Clause"
            ],
            "description": " ",
            "keywords": [
                "stdlib",
                "zf2"
            ]
        }
    ],
    "packages-dev": [
        {
            "name": "mockery/mockery",
            "version": "0.9.1",
            "dist": {
                "type": "zip",
                "url": "http://satis.basereality.com/packages/padraic/mockery/padraic_mockery_0.9.1.zip",
                "reference": "padraic_mockery_0.9.1.zip",
                "shasum": "f9de9b98b829f9ea5e945b47aac8e468b2fc73c1"
            },
            "require": {
                "lib-pcre": ">=7.0",
                "php": ">=5.3.2"
            },
            "require-dev": {
                "hamcrest/hamcrest-php": "~1.1",
                "phpunit/phpunit": "~4.0",
                "satooshi/php-coveralls": "~0.7@dev"
            },
            "type": "library",
            "extra": {
                "branch-alias": {
                    "dev-master": "0.9.x-dev"
                }
            },
            "autoload": {
                "psr-0": {
                    "Mockery": "library/"
                }
            },
            "license": [
                "BSD-3-Clause"
            ],
            "authors": [
                {
                    "name": "Pádraic Brady",
                    "email": "padraic.brady@gmail.com",
                    "homepage": "http://blog.astrumfutura.com"
                },
                {
                    "name": "Dave Marshall",
                    "email": "dave.marshall@atstsolutions.co.uk",
                    "homepage": "http://davedevelopment.co.uk"
                }
            ],
            "description": "Mockery is a simple yet flexible PHP mock object framework for use in unit testing with PHPUnit, PHPSpec or any other testing framework. Its core goal is to offer a test double framework with a succint API capable of clearly defining all possible object operations and interactions using a human readable Domain Specific Language (DSL). Designed as a drop in alternative to PHPUnit's phpunit-mock-objects library, Mockery is easy to integrate with PHPUnit and can operate alongside phpunit-mock-objects without the World ending.",
            "homepage": "http://github.com/padraic/mockery",
            "keywords": [
                "bdd",
                "library",
                "mock",
                "mock objects",
                "mockery",
                "stub",
                "tdd",
                "test",
                "test double",
                "testing"
            ]
        },
        {
            "name": "monolog/monolog",
            "version": "1.4.0",
            "source": {
                "type": "git",
                "url": "https://github.com/Seldaek/monolog.git",
                "reference": "32fe28af60b4da9a5b0cef024138afacc0c01eeb"
            },
            "dist": {
                "type": "zip",
                "url": "https://api.github.com/repos/Seldaek/monolog/zipball/32fe28af60b4da9a5b0cef024138afacc0c01eeb",
                "reference": "32fe28af60b4da9a5b0cef024138afacc0c01eeb",
                "shasum": ""
            },
            "require": {
                "php": ">=5.3.0",
                "psr/log": "~1.0"
            },
            "require-dev": {
                "doctrine/couchdb": "dev-master",
                "mlehner/gelf-php": "1.0.*",
                "raven/raven": "0.3.*"
            },
            "suggest": {
                "doctrine/couchdb": "Allow sending log messages to a CouchDB server",
                "ext-amqp": "Allow sending log messages to an AMQP server (1.0+ required)",
                "ext-mongo": "Allow sending log messages to a MongoDB server",
                "mlehner/gelf-php": "Allow sending log messages to a GrayLog2 server",
                "raven/raven": "Allow sending log messages to a Sentry server"
            },
            "type": "library",
            "extra": {
                "branch-alias": {
                    "dev-master": "1.4.x-dev"
                }
            },
            "autoload": {
                "psr-0": {
                    "Monolog": "src/"
                }
            },
            "notification-url": "https://packagist.org/downloads/",
            "license": [
                "MIT"
            ],
            "authors": [
                {
                    "name": "Jordi Boggiano",
                    "email": "j.boggiano@seld.be",
                    "homepage": "http://seld.be",
                    "role": "Developer"
                }
            ],
            "description": "Sends your logs to files, sockets, inboxes, databases and various web services",
            "homepage": "http://github.com/Seldaek/monolog",
            "keywords": [
                "log",
                "logging",
                "psr-3"
            ],
            "time": "2013-02-13 18:06:51"
        },
        {
            "name": "phpunit/php-code-coverage",
            "version": "2.0.8",
            "dist": {
                "type": "zip",
                "url": "http://satis.basereality.com/packages/sebastianbergmann/php-code-coverage/sebastianbergmann_php-code-coverage_2.0.8.zip",
                "reference": "sebastianbergmann_php-code-coverage_2.0.8.zip",
                "shasum": "6d85ad40f59109bc7ba0d63dfb8384be922289ba"
            },
            "require": {
                "php": ">=5.3.3",
                "phpunit/php-file-iterator": "~1.3.1",
                "phpunit/php-text-template": "~1.2.0",
                "phpunit/php-token-stream": "~1.2.2",
                "sebastian/environment": "~1.0.0",
                "sebastian/version": "~1.0.3"
            },
            "require-dev": {
                "ext-xdebug": ">=2.1.4",
                "phpunit/phpunit": "~4.0.14"
            },
            "suggest": {
                "ext-dom": "*",
                "ext-xdebug": ">=2.2.1",
                "ext-xmlwriter": "*"
            },
            "type": "library",
            "extra": {
                "branch-alias": {
                    "dev-master": "2.0.x-dev"
                }
            },
            "autoload": {
                "classmap": [
                    "src/"
                ]
            },
            "include-path": [
                ""
            ],
            "license": [
                "BSD-3-Clause"
            ],
            "authors": [
                {
                    "name": "Sebastian Bergmann",
                    "email": "sb@sebastian-bergmann.de",
                    "role": "lead"
                }
            ],
            "description": "Library that provides collection, processing, and rendering functionality for PHP code coverage information.",
            "homepage": "https://github.com/sebastianbergmann/php-code-coverage",
            "keywords": [
                "coverage",
                "testing",
                "xunit"
            ],
            "support": {
                "issues": "https://github.com/sebastianbergmann/php-code-coverage/issues",
                "irc": "irc://irc.freenode.net/phpunit"
            }
        },
        {
            "name": "phpunit/php-file-iterator",
            "version": "1.3.4",
            "source": {
                "type": "git",
                "url": "https://github.com/sebastianbergmann/php-file-iterator.git",
                "reference": "acd690379117b042d1c8af1fafd61bde001bf6bb"
            },
            "dist": {
                "type": "zip",
                "url": "https://api.github.com/repos/sebastianbergmann/php-file-iterator/zipball/acd690379117b042d1c8af1fafd61bde001bf6bb",
                "reference": "acd690379117b042d1c8af1fafd61bde001bf6bb",
                "shasum": ""
            },
            "require": {
                "php": ">=5.3.3"
            },
            "type": "library",
            "autoload": {
                "classmap": [
                    "File/"
                ]
            },
            "notification-url": "https://packagist.org/downloads/",
            "include-path": [
                ""
            ],
            "license": [
                "BSD-3-Clause"
            ],
            "authors": [
                {
                    "name": "Sebastian Bergmann",
                    "email": "sb@sebastian-bergmann.de",
                    "role": "lead"
                }
            ],
            "description": "FilterIterator implementation that filters files based on a list of suffixes.",
            "homepage": "https://github.com/sebastianbergmann/php-file-iterator/",
            "keywords": [
                "filesystem",
                "iterator"
            ],
            "time": "2013-10-10 15:34:57"
        },
        {
            "name": "phpunit/php-text-template",
            "version": "1.2.0",
            "source": {
                "type": "git",
                "url": "https://github.com/sebastianbergmann/php-text-template.git",
                "reference": "206dfefc0ffe9cebf65c413e3d0e809c82fbf00a"
            },
            "dist": {
                "type": "zip",
                "url": "https://api.github.com/repos/sebastianbergmann/php-text-template/zipball/206dfefc0ffe9cebf65c413e3d0e809c82fbf00a",
                "reference": "206dfefc0ffe9cebf65c413e3d0e809c82fbf00a",
                "shasum": ""
            },
            "require": {
                "php": ">=5.3.3"
            },
            "type": "library",
            "autoload": {
                "classmap": [
                    "Text/"
                ]
            },
            "notification-url": "https://packagist.org/downloads/",
            "include-path": [
                ""
            ],
            "license": [
                "BSD-3-Clause"
            ],
            "authors": [
                {
                    "name": "Sebastian Bergmann",
                    "email": "sb@sebastian-bergmann.de",
                    "role": "lead"
                }
            ],
            "description": "Simple template engine.",
            "homepage": "https://github.com/sebastianbergmann/php-text-template/",
            "keywords": [
                "template"
            ],
            "time": "2014-01-30 17:20:04"
        },
        {
            "name": "phpunit/php-timer",
            "version": "1.0.5",
            "source": {
                "type": "git",
                "url": "https://github.com/sebastianbergmann/php-timer.git",
                "reference": "19689d4354b295ee3d8c54b4f42c3efb69cbc17c"
            },
            "dist": {
                "type": "zip",
                "url": "https://api.github.com/repos/sebastianbergmann/php-timer/zipball/19689d4354b295ee3d8c54b4f42c3efb69cbc17c",
                "reference": "19689d4354b295ee3d8c54b4f42c3efb69cbc17c",
                "shasum": ""
            },
            "require": {
                "php": ">=5.3.3"
            },
            "type": "library",
            "autoload": {
                "classmap": [
                    "PHP/"
                ]
            },
            "notification-url": "https://packagist.org/downloads/",
            "include-path": [
                ""
            ],
            "license": [
                "BSD-3-Clause"
            ],
            "authors": [
                {
                    "name": "Sebastian Bergmann",
                    "email": "sb@sebastian-bergmann.de",
                    "role": "lead"
                }
            ],
            "description": "Utility class for timing",
            "homepage": "https://github.com/sebastianbergmann/php-timer/",
            "keywords": [
                "timer"
            ],
            "time": "2013-08-02 07:42:54"
        },
        {
            "name": "phpunit/php-token-stream",
            "version": "1.2.2",
            "source": {
                "type": "git",
                "url": "https://github.com/sebastianbergmann/php-token-stream.git",
                "reference": "ad4e1e23ae01b483c16f600ff1bebec184588e32"
            },
            "dist": {
                "type": "zip",
                "url": "https://api.github.com/repos/sebastianbergmann/php-token-stream/zipball/ad4e1e23ae01b483c16f600ff1bebec184588e32",
                "reference": "ad4e1e23ae01b483c16f600ff1bebec184588e32",
                "shasum": ""
            },
            "require": {
                "ext-tokenizer": "*",
                "php": ">=5.3.3"
            },
            "type": "library",
            "extra": {
                "branch-alias": {
                    "dev-master": "1.2-dev"
                }
            },
            "autoload": {
                "classmap": [
                    "PHP/"
                ]
            },
            "notification-url": "https://packagist.org/downloads/",
            "include-path": [
                ""
            ],
            "license": [
                "BSD-3-Clause"
            ],
            "authors": [
                {
                    "name": "Sebastian Bergmann",
                    "email": "sb@sebastian-bergmann.de",
                    "role": "lead"
                }
            ],
            "description": "Wrapper around PHP's tokenizer extension.",
            "homepage": "https://github.com/sebastianbergmann/php-token-stream/",
            "keywords": [
                "tokenizer"
            ],
            "time": "2014-03-03 05:10:30"
        },
        {
            "name": "phpunit/phpunit",
            "version": "4.1.3",
            "dist": {
                "type": "zip",
                "url": "http://satis.basereality.com/packages/sebastianbergmann/phpunit/sebastianbergmann_phpunit_4.1.3.zip",
                "reference": "sebastianbergmann_phpunit_4.1.3.zip",
                "shasum": "cf3f2e800e39a4ff927fab29707d233b812b2bda"
            },
            "require": {
                "ext-dom": "*",
                "ext-json": "*",
                "ext-pcre": "*",
                "ext-reflection": "*",
                "ext-spl": "*",
                "php": ">=5.3.3",
                "phpunit/php-code-coverage": "~2.0",
                "phpunit/php-file-iterator": "~1.3.1",
                "phpunit/php-text-template": "~1.2",
                "phpunit/php-timer": "~1.0.2",
                "phpunit/phpunit-mock-objects": "~2.1",
                "sebastian/comparator": "~1.0",
                "sebastian/diff": "~1.1",
                "sebastian/environment": "~1.0",
                "sebastian/exporter": "~1.0",
                "sebastian/version": "~1.0",
                "symfony/yaml": "~2.0"
            },
            "suggest": {
                "phpunit/php-invoker": "~1.1"
            },
            "bin": [
                "phpunit"
            ],
            "type": "library",
            "extra": {
                "branch-alias": {
                    "dev-master": "4.1.x-dev"
                }
            },
            "autoload": {
                "classmap": [
                    "src/"
                ]
            },
            "include-path": [
                "",
                "../../symfony/yaml/"
            ],
            "license": [
                "BSD-3-Clause"
            ],
            "authors": [
                {
                    "name": "Sebastian Bergmann",
                    "email": "sebastian@phpunit.de",
                    "role": "lead"
                }
            ],
            "description": "The PHP Unit Testing framework.",
            "homepage": "http://www.phpunit.de/",
            "keywords": [
                "phpunit",
                "testing",
                "xunit"
            ],
            "support": {
                "issues": "https://github.com/sebastianbergmann/phpunit/issues",
                "irc": "irc://irc.freenode.net/phpunit"
            }
        },
        {
            "name": "phpunit/phpunit-mock-objects",
            "version": "2.1.4",
            "dist": {
                "type": "zip",
                "url": "http://satis.basereality.com/packages/sebastianbergmann/phpunit-mock-objects/sebastianbergmann_phpunit-mock-objects_2.1.4.zip",
                "reference": "sebastianbergmann_phpunit-mock-objects_2.1.4.zip",
                "shasum": "b10a82b77670c152a8be474333960eadecdf717d"
            },
            "require": {
                "php": ">=5.3.3",
                "phpunit/php-text-template": "~1.2"
            },
            "require-dev": {
                "phpunit/phpunit": "~4.1"
            },
            "suggest": {
                "ext-soap": "*"
            },
            "type": "library",
            "extra": {
                "branch-alias": {
                    "dev-master": "2.1.x-dev"
                }
            },
            "autoload": {
                "classmap": [
                    "src/"
                ]
            },
            "include-path": [
                ""
            ],
            "license": [
                "BSD-3-Clause"
            ],
            "authors": [
                {
                    "name": "Sebastian Bergmann",
                    "email": "sb@sebastian-bergmann.de",
                    "role": "lead"
                }
            ],
            "description": "Mock Object library for PHPUnit",
            "homepage": "https://github.com/sebastianbergmann/phpunit-mock-objects/",
            "keywords": [
                "mock",
                "xunit"
            ],
            "support": {
                "issues": "https://github.com/sebastianbergmann/phpunit-mock-objects/issues",
                "irc": "irc://irc.freenode.net/phpunit"
            }
        },
        {
            "name": "rdlowrey/auryn",
            "version": "dev-DanackMaster",
            "source": {
                "type": "git",
                "url": "https://github.com/Danack/Auryn.git",
                "reference": "384eb93e68c8c5de4e6d3d809a553a9a8e68cddb"
            },
            "dist": {
                "type": "zip",
                "url": "https://api.github.com/repos/Danack/Auryn/zipball/384eb93e68c8c5de4e6d3d809a553a9a8e68cddb",
                "reference": "384eb93e68c8c5de4e6d3d809a553a9a8e68cddb",
                "shasum": ""
            },
            "require": {
                "php": ">=5.3.0"
            },
            "type": "library",
            "autoload": {
                "psr-0": {
                    "Auryn": "src"
                }
            },
            "license": [
                "MIT"
            ],
            "authors": [
                {
                    "name": "Daniel Lowrey",
                    "email": "rdlowrey@gmail.com",
                    "role": "Creator / Main Developer"
                },
                {
                    "name": "Levi Morrison",
                    "email": "levim@php.net",
                    "homepage": "http://morrisonlevi.github.com/",
                    "role": "Developer"
                }
            ],
            "description": "Auryn is a Dependency Injection Container designed to wire together S.O.L.I.D., object-oriented PHP applications.",
            "homepage": "https://github.com/rdlowrey/Auryn",
            "keywords": [
                "dependency injection",
                "dic",
                "ioc"
            ],
            "support": {
                "source": "https://github.com/Danack/Auryn/tree/DanackMaster",
                "issues": "https://github.com/Danack/Auryn/issues"
            },
            "time": "2013-12-04 17:27:33"
        },
        {
            "name": "sebastian/comparator",
            "version": "1.0.0",
            "dist": {
                "type": "zip",
                "url": "http://satis.basereality.com/packages/sebastianbergmann/comparator/sebastianbergmann_comparator_1.0.0.zip",
                "reference": "sebastianbergmann_comparator_1.0.0.zip",
                "shasum": "e1e12d105d031bfb7547b1d9cc829e6b126e5d36"
            },
            "require": {
                "php": ">=5.3.3",
                "sebastian/diff": "~1.1",
                "sebastian/exporter": "~1.0"
            },
            "require-dev": {
                "phpunit/phpunit": "~4.1"
            },
            "type": "library",
            "extra": {
                "branch-alias": {
                    "dev-master": "1.0.x-dev"
                }
            },
            "autoload": {
                "classmap": [
                    "src/"
                ]
            },
            "license": [
                "BSD-3-Clause"
            ],
            "authors": [
                {
                    "name": "Sebastian Bergmann",
                    "email": "sebastian@phpunit.de"
                },
                {
                    "name": "Jeff Welch",
                    "email": "whatthejeff@gmail.com"
                },
                {
                    "name": "Volker Dusch",
                    "email": "github@wallbash.com"
                },
                {
                    "name": "Bernhard Schussek",
                    "email": "bschussek@2bepublished.at"
                }
            ],
            "description": "Provides the functionality to compare PHP values for equality",
            "homepage": "http://www.github.com/sebastianbergmann/comparator",
            "keywords": [
                "comparator",
                "compare",
                "equality"
            ]
        },
        {
            "name": "sebastian/diff",
            "version": "1.1.0",
            "dist": {
                "type": "zip",
                "url": "http://satis.basereality.com/packages/sebastianbergmann/diff/sebastianbergmann_diff_1.1.0.zip",
                "reference": "sebastianbergmann_diff_1.1.0.zip",
                "shasum": "77147f9a4541edd8d6e3302f9f98fecfca6ef1bb"
            },
            "require": {
                "php": ">=5.3.3"
            },
            "type": "library",
            "extra": {
                "branch-alias": {
                    "dev-master": "1.1-dev"
                }
            },
            "autoload": {
                "classmap": [
                    "src/"
                ]
            },
            "license": [
                "BSD-3-Clause"
            ],
            "authors": [
                {
                    "name": "Sebastian Bergmann",
                    "email": "sebastian@phpunit.de"
                },
                {
                    "name": "Kore Nordmann",
                    "email": "mail@kore-nordmann.de"
                }
            ],
            "description": "Diff implementation",
            "homepage": "http://www.github.com/sebastianbergmann/diff",
            "keywords": [
                "diff"
            ]
        },
        {
            "name": "sebastian/environment",
            "version": "1.0.0",
            "dist": {
                "type": "zip",
                "url": "http://satis.basereality.com/packages/sebastianbergmann/environment/sebastianbergmann_environment_1.0.0.zip",
                "reference": "sebastianbergmann_environment_1.0.0.zip",
                "shasum": "6c2aa477996fbc5d5bea17a22d492e496378d3bf"
            },
            "require": {
                "php": ">=5.3.3"
            },
            "require-dev": {
                "phpunit/phpunit": "4.0.*@dev"
            },
            "type": "library",
            "extra": {
                "branch-alias": {
                    "dev-master": "1.0.x-dev"
                }
            },
            "autoload": {
                "classmap": [
                    "src/"
                ]
            },
            "license": [
                "BSD-3-Clause"
            ],
            "authors": [
                {
                    "name": "Sebastian Bergmann",
                    "email": "sebastian@phpunit.de"
                }
            ],
            "description": "Provides functionality to handle HHVM/PHP environments",
            "homepage": "http://www.github.com/sebastianbergmann/environment",
            "keywords": [
                "environment",
                "hhvm",
                "xdebug"
            ]
        },
        {
            "name": "sebastian/exporter",
            "version": "1.0.1",
            "dist": {
                "type": "zip",
                "url": "http://satis.basereality.com/packages/sebastianbergmann/exporter/sebastianbergmann_exporter_1.0.1.zip",
                "reference": "sebastianbergmann_exporter_1.0.1.zip",
                "shasum": "bac14b645713cbc48ded19fbb021b7718a9cdb6f"
            },
            "require": {
                "php": ">=5.3.3"
            },
            "require-dev": {
                "phpunit/phpunit": "4.0.*@dev"
            },
            "type": "library",
            "extra": {
                "branch-alias": {
                    "dev-master": "1.0.x-dev"
                }
            },
            "autoload": {
                "classmap": [
                    "src/"
                ]
            },
            "license": [
                "BSD-3-Clause"
            ],
            "authors": [
                {
                    "name": "Sebastian Bergmann",
                    "email": "sebastian@phpunit.de"
                },
                {
                    "name": "Jeff Welch",
                    "email": "whatthejeff@gmail.com"
                },
                {
                    "name": "Volker Dusch",
                    "email": "github@wallbash.com"
                },
                {
                    "name": "Adam Harvey",
                    "email": "aharvey@php.net"
                },
                {
                    "name": "Bernhard Schussek",
                    "email": "bschussek@2bepublished.at"
                }
            ],
            "description": "Provides the functionality to export PHP variables for visualization",
            "homepage": "http://www.github.com/sebastianbergmann/exporter",
            "keywords": [
                "export",
                "exporter"
            ]
        },
        {
            "name": "sebastian/version",
            "version": "1.0.3",
            "dist": {
                "type": "zip",
                "url": "http://satis.basereality.com/packages/sebastianbergmann/version/sebastianbergmann_version_1.0.3.zip",
                "reference": "sebastianbergmann_version_1.0.3.zip",
                "shasum": "e1298d979bee00e4b5e97b0a52a2bf6d74bcad41"
            },
            "type": "library",
            "autoload": {
                "classmap": [
                    "src/"
                ]
            },
            "license": [
                "BSD-3-Clause"
            ],
            "authors": [
                {
                    "name": "Sebastian Bergmann",
                    "email": "sebastian@phpunit.de",
                    "role": "lead"
                }
            ],
            "description": "Library that helps with managing the version number of Git-hosted PHP projects",
            "homepage": "https://github.com/sebastianbergmann/version",
            "support": {
                "issues": "https://github.com/sebastianbergmann/version/issues"
            }
        },
        {
            "name": "symfony/yaml",
            "version": "v2.5.0",
            "target-dir": "Symfony/Component/Yaml",
            "dist": {
                "type": "zip",
                "url": "http://satis.basereality.com/packages/symfony/yaml/symfony_yaml_v2.5.0.zip",
                "reference": "symfony_yaml_v2.5.0.zip",
                "shasum": "88c3a8f1e39b3c1549e0bb34dcc7aabd05f4a55e"
            },
            "require": {
                "php": ">=5.3.3"
            },
            "type": "library",
            "extra": {
                "branch-alias": {
                    "dev-master": "2.5-dev"
                }
            },
            "autoload": {
                "psr-0": {
                    "Symfony\\Component\\Yaml\\": ""
                }
            },
            "license": [
                "MIT"
            ],
            "authors": [
                {
                    "name": "Fabien Potencier",
                    "email": "fabien@symfony.com"
                },
                {
                    "name": "Symfony Community",
                    "homepage": "http://symfony.com/contributors"
                }
            ],
            "description": "Symfony Yaml Component",
            "homepage": "http://symfony.com"
        },
        {
            "name": "whatthejeff/fab",
            "version": "v1.0.0",
            "source": {
                "type": "git",
                "url": "https://github.com/whatthejeff/fab.git",
                "reference": "1f9d9cdc354cabda0d7b72b7e2ab5fdfb747b8ef"
            },
            "dist": {
                "type": "zip",
                "url": "https://api.github.com/repos/whatthejeff/fab/zipball/1f9d9cdc354cabda0d7b72b7e2ab5fdfb747b8ef",
                "reference": "1f9d9cdc354cabda0d7b72b7e2ab5fdfb747b8ef",
                "shasum": ""
            },
            "require": {
                "php": ">=5.3.3"
            },
            "require-dev": {
                "phpunit/phpunit": "3.7.*"
            },
            "type": "library",
            "extra": {
                "branch-alias": {
                    "dev-master": "1.0.x-dev"
                }
            },
            "autoload": {
                "psr-0": {
                    "Fab": "src/"
                }
            },
            "notification-url": "https://packagist.org/downloads/",
            "license": [
                "MIT"
            ],
            "authors": [
                {
                    "name": "Jeff Welch",
                    "email": "whatthejeff@gmail.com"
                }
            ],
            "description": "Make your output fabulous!",
            "homepage": "http://github.com/whatthejeff/fab",
            "keywords": [
                "colorful",
                "fab",
                "fabulous",
                "rainbow"
            ],
            "time": "2013-02-14 01:28:47"
        },
        {
            "name": "whatthejeff/nyancat-phpunit-resultprinter",
            "version": "v1.2.0",
            "source": {
                "type": "git",
                "url": "https://github.com/whatthejeff/nyancat-phpunit-resultprinter.git",
                "reference": "ccfa266c1991bcde1cf590b3de808b3465ca9b1d"
            },
            "dist": {
                "type": "zip",
                "url": "https://api.github.com/repos/whatthejeff/nyancat-phpunit-resultprinter/zipball/ccfa266c1991bcde1cf590b3de808b3465ca9b1d",
                "reference": "ccfa266c1991bcde1cf590b3de808b3465ca9b1d",
                "shasum": ""
            },
            "require": {
                "php": ">=5.3.3",
                "whatthejeff/nyancat-scoreboard": "~1.1"
            },
            "require-dev": {
                "pear-pear/pear": "1.9.4",
                "phpunit/php-code-coverage": "1.3.*@dev",
                "phpunit/php-file-iterator": ">=1.3.1@dev",
                "phpunit/php-text-template": ">=1.1.1@dev",
                "phpunit/php-timer": ">=1.1.0@dev",
                "phpunit/phpunit": "3.8.*@dev",
                "phpunit/phpunit-mock-objects": "1.3.*@dev",
                "sebastian/diff": ">=1.0.0@dev",
                "sebastian/exporter": ">=1.0.0@dev",
                "sebastian/version": ">=1.0.0@dev"
            },
            "type": "library",
            "extra": {
                "branch-alias": {
                    "dev-master": "1.2.x-dev"
                }
            },
            "autoload": {
                "psr-0": {
                    "NyanCat": "src/"
                }
            },
            "notification-url": "https://packagist.org/downloads/",
            "license": [
                "MIT"
            ],
            "authors": [
                {
                    "name": "Jeff Welch",
                    "email": "whatthejeff@gmail.com"
                }
            ],
            "description": "Nyan Cat result printer for PHPUnit",
            "homepage": "http://github.com/whatthejeff/nyancat-phpunit-resultprinter",
            "keywords": [
                "cat",
                "nyan",
                "phpunit",
                "rainbow",
                "tests"
            ],
            "time": "2013-10-30 06:26:11"
        },
        {
            "name": "whatthejeff/nyancat-scoreboard",
            "version": "v1.1.1",
            "source": {
                "type": "git",
                "url": "https://github.com/whatthejeff/nyancat-scoreboard.git",
                "reference": "ab5e68605d4950f299684f4e161d56e96be6994c"
            },
            "dist": {
                "type": "zip",
                "url": "https://api.github.com/repos/whatthejeff/nyancat-scoreboard/zipball/ab5e68605d4950f299684f4e161d56e96be6994c",
                "reference": "ab5e68605d4950f299684f4e161d56e96be6994c",
                "shasum": ""
            },
            "require": {
                "php": ">=5.3.3",
                "whatthejeff/fab": "~1.0"
            },
            "require-dev": {
                "pear-pear/pear": "1.9.4",
                "phpunit/php-code-coverage": "1.3.*@dev",
                "phpunit/phpunit": "3.8.*@dev",
                "phpunit/phpunit-mock-objects": "1.3.*@dev"
            },
            "type": "library",
            "extra": {
                "branch-alias": {
                    "dev-master": "1.1.x-dev"
                }
            },
            "autoload": {
                "psr-0": {
                    "NyanCat": "src/"
                }
            },
            "notification-url": "https://packagist.org/downloads/",
            "license": [
                "MIT"
            ],
            "authors": [
                {
                    "name": "Jeff Welch",
                    "email": "whatthejeff@gmail.com"
                }
            ],
            "description": "Nyan Cat Scoreboard",
            "homepage": "http://github.com/whatthejeff/nyancat-scoreboard",
            "keywords": [
                "cat",
                "nyan",
                "rainbow",
                "scoreboard",
                "tests"
            ],
            "time": "2014-02-12 22:16:49"
        }
    ],
    "aliases": [

    ],
    "minimum-stability": "stable",
    "stability-flags": {
        "rdlowrey/auryn": 20
    },
    "platform": {
        "php": ">=5.4.0"
    },
    "platform-dev": [

    ]
}
